%{
  "bunt": {:hex, :bunt, "0.1.6", "5d95a6882f73f3b9969fdfd1953798046664e6f77ec4e486e6fafc7caad97c6f", [:mix], [], "hexpm"},
  "credo": {:hex, :credo, "0.1.10", "2f042235207b6ea90ca3923b31cddecd7547ce5bd27aed98fd595396f1d833f3", [:mix], [{:bunt, "~> 0.1.4", [hex: :bunt, repo: "hexpm", optional: false]}], "hexpm"},
  "dogma": {:hex, :dogma, "0.0.10"},
  "dotenv": {:hex, :dotenv, "2.0.0", "87e77a94e54c20eca49989876395e26878b109f016f9fd9c42b65bb9c59bca3f", [:mix], [], "hexpm"},
  "earmark": {:hex, :earmark, "0.2.1", "ba6d26ceb16106d069b289df66751734802777a3cbb6787026dd800ffeb850f3", [:mix], [], "hexpm"},
  "ex_doc": {:hex, :ex_doc, "0.10.0", "f49c237250b829df986486b38f043e6f8e19d19b41101987f7214543f75947ec", [:mix], [{:earmark, "~> 0.1.17 or ~> 0.2", [hex: :earmark, repo: "hexpm", optional: true]}], "hexpm"},
  "exactor": {:hex, :exactor, "2.2.0", "2a7418b82d974fe8276edd62c1facf4a9dc06339cdf11b5dcd10359e107fe5c3", [:mix], [], "hexpm"},
  "excoveralls": {:hex, :excoveralls, "0.12.3", "2142be7cb978a3ae78385487edda6d1aff0e482ffc6123877bb7270a8ffbcfe0", [:mix], [{:hackney, "~> 1.0", [hex: :hackney, repo: "hexpm", optional: false]}, {:jason, "~> 1.0", [hex: :jason, repo: "hexpm", optional: false]}], "hexpm"},
  "exjsx": {:hex, :exjsx, "3.2.1", "1bc5bf1e4fd249104178f0885030bcd75a4526f4d2a1e976f4b428d347614f0f", [:mix], [{:jsx, "~> 2.8.0", [hex: :jsx, repo: "hexpm", optional: false]}], "hexpm"},
  "exvcr": {:hex, :exvcr, "0.5.1", "4b7973de86791d5d7ebcd81588f0705e98dfa5a0536e5a059c42c22c7af5f0a1", [:mix], [{:exactor, "~> 2.1", [hex: :exactor, repo: "hexpm", optional: false]}, {:exjsx, "~> 3.2", [hex: :exjsx, repo: "hexpm", optional: false]}, {:httpoison, "~> 0.7", [hex: :httpoison, repo: "hexpm", optional: true]}, {:httpotion, "~> 2.1", [hex: :httpotion, repo: "hexpm", optional: true]}, {:meck, "~> 0.8.2", [hex: :meck, repo: "hexpm", optional: false]}], "hexpm"},
  "hackney": {:hex, :hackney, "1.3.2", "43bd07ab88753f5e136e38fddd2a09124bee25733b03361eeb459d0173fc17ab", [:make, :rebar], [{:idna, "~> 1.0.2", [hex: :idna, repo: "hexpm", optional: false]}, {:ssl_verify_hostname, "~> 1.0.5", [hex: :ssl_verify_hostname, repo: "hexpm", optional: false]}], "hexpm"},
  "httpoison": {:hex, :httpoison, "0.7.2", "e13ab8c056481b83aebe225fbc2260c3dfeac4d7271e9af80f234e3186fa843b", [:mix], [{:hackney, "~> 1.3.1", [hex: :hackney, repo: "hexpm", optional: false]}], "hexpm"},
  "idna": {:hex, :idna, "1.0.3", "d456a8761cad91c97e9788c27002eb3b773adaf5c893275fc35ba4e3434bbd9b", [:rebar3], [], "hexpm"},
  "inch_ex": {:hex, :inch_ex, "0.4.0", "27829de2227edfba8fa5c431088578685c0956128b40522957077963e563e868", [:mix], [{:poison, "~> 1.2", [hex: :poison, repo: "hexpm", optional: false]}], "hexpm"},
  "jason": {:hex, :jason, "1.2.1", "12b22825e22f468c02eb3e4b9985f3d0cb8dc40b9bd704730efa11abd2708c44", [:mix], [{:decimal, "~> 1.0", [hex: :decimal, repo: "hexpm", optional: true]}], "hexpm"},
  "jsx": {:hex, :jsx, "2.8.3", "a05252d381885240744d955fbe3cf810504eb2567164824e19303ea59eef62cf", [:mix, :rebar3], [], "hexpm"},
  "meck": {:hex, :meck, "0.8.13", "ffedb39f99b0b99703b8601c6f17c7f76313ee12de6b646e671e3188401f7866", [:rebar3], [], "hexpm"},
  "oauth2": {:hex, :oauth2, "0.3.0"},
  "plug": {:hex, :plug, "1.0.2"},
  "poison": {:hex, :poison, "1.5.2", "560bdfb7449e3ddd23a096929fb9fc2122f709bcc758b2d5d5a5c7d0ea848910", [:mix], [], "hexpm"},
  "shouldi": {:hex, :shouldi, "0.2.3"},
  "ssl_verify_hostname": {:hex, :ssl_verify_hostname, "1.0.6", "45866d958d9ae51cfe8fef0050ab8054d25cba23ace43b88046092aa2c714645", [:make], [], "hexpm"},
}
